
Microsoft Visual Studio Solution File, Format Version 12.00
# Visual Studio Version 17
VisualStudioVersion = 17.9.34728.123
MinimumVisualStudioVersion = 10.0.40219.1
Project("{9A19103F-16F7-4668-BE54-9A1E7A4F7556}") = "AspLocalizationDemo.MVC", "AspLocalizationDemo.MVC\AspLocalizationDemo.MVC.csproj", "{A11F9CD3-5C0C-402B-911A-DE36840F82DE}"
EndProject
Global
	GlobalSection(SolutionConfigurationPlatforms) = preSolution
		Debug|Any CPU = Debug|Any CPU
		Release|Any CPU = Release|Any CPU
	EndGlobalSection
	GlobalSection(ProjectConfigurationPlatforms) = postSolution
		{A11F9CD3-5C0C-402B-911A-DE36840F82DE}.Debug|Any CPU.ActiveCfg = Debug|Any CPU
		{A11F9CD3-5C0C-402B-911A-DE36840F82DE}.Debug|Any CPU.Build.0 = Debug|Any CPU
		{A11F9CD3-5C0C-402B-911A-DE36840F82DE}.Release|Any CPU.ActiveCfg = Release|Any CPU
		{A11F9CD3-5C0C-402B-911A-DE36840F82DE}.Release|Any CPU.Build.0 = Release|Any CPU
	EndGlobalSection
	GlobalSection(SolutionProperties) = preSolution
		HideSolutionNode = FALSE
	EndGlobalSection
	GlobalSection(ExtensibilityGlobals) = postSolution
		SolutionGuid = {07D41A8B-FCAD-4012-83E0-13D2B8E9F330}
	EndGlobalSection
EndGlobal
